
Microsoft Visual Studio Solution File, Format Version 12.00
# Visual Studio Version 17
VisualStudioVersion = 17.8.34316.72
MinimumVisualStudioVersion = 10.0.40219.1
Project("{9A19103F-16F7-4668-BE54-9A1E7A4F7556}") = "Sprint1ProjRedAstroLayout", "Sprint1ProjRedAstroLayout.csproj", "{0979BE5F-117B-442F-A20A-A896FBE2F462}"
EndProject
Global
	GlobalSection(SolutionConfigurationPlatforms) = preSolution
		Debug|Any CPU = Debug|Any CPU
		Release|Any CPU = Release|Any CPU
	EndGlobalSection
	GlobalSection(ProjectConfigurationPlatforms) = postSolution
		{0979BE5F-117B-442F-A20A-A896FBE2F462}.Debug|Any CPU.ActiveCfg = Debug|Any CPU
		{0979BE5F-117B-442F-A20A-A896FBE2F462}.Debug|Any CPU.Build.0 = Debug|Any CPU
		{0979BE5F-117B-442F-A20A-A896FBE2F462}.Release|Any CPU.ActiveCfg = Release|Any CPU
		{0979BE5F-117B-442F-A20A-A896FBE2F462}.Release|Any CPU.Build.0 = Release|Any CPU
	EndGlobalSection
	GlobalSection(SolutionProperties) = preSolution
		HideSolutionNode = FALSE
	EndGlobalSection
	GlobalSection(ExtensibilityGlobals) = postSolution
		SolutionGuid = {06FACE79-2B46-43BD-82A9-921E34D13923}
	EndGlobalSection
EndGlobal
